{
  "name": "tfjs-models",
  "version": "0.0.1",
  "lockfileVersion": 1,
  "requires": true,
  "dependencies": {
    "dat.gui": {
      "version": "0.7.2",
      "resolved": "https://registry.npmjs.org/dat.gui/-/dat.gui-0.7.2.tgz",
      "integrity": "sha512-Me2SHBCRiSf/4YXfmpZl2+oXKCCK0GMu1Bc86UmC2UwE3ha3NlFsjoq7D8zBRVlLibSlxMjmc2qM3CB9fPDbEA==",
      "dev": true
    },
    "stats-js": {
      "version": "1.0.0-alpha1",
      "resolved": "https://registry.npmjs.org/stats-js/-/stats-js-1.0.0-alpha1.tgz",
      "integrity": "sha1-RK6C5kIRI7q5l1DZXD9VJrjyV9s="
    }
  }
}
